{
  "name": "trusted-credit-check",
  "version": "1.0.0",
  "lockfileVersion": 3,
  "requires": true,
  "packages": {
    "": {
      "name": "trusted-credit-check",
      "version": "1.0.0",
      "dependencies": {
        "node-vsock": "0.0.3"
      },
      "devDependencies": {
        "@types/node": "^20.0.0",
        "typescript": "^5.4.0"
      }
    },
    "node_modules/@types/node": {
      "version": "20.19.43",
      "resolved": "https://registry.npmjs.org/@types/node/-/node-20.19.43.tgz",
      "integrity": "sha512-6oYBAi5ikg4Pl+kGsoYtawUMBT2zZMCvPNF7pVLnHZfd1zf38DRiWn/gT01RYCdUqkv7Fhr+C9ot4/tb+2sVvA==",
      "dev": true,
      "license": "MIT",
      "dependencies": {
        "undici-types": "~6.21.0"
      }
    },
    "node_modules/node-vsock": {
      "version": "0.0.3",
      "resolved": "https://registry.npmjs.org/node-vsock/-/node-vsock-0.0.3.tgz",
      "integrity": "sha512-dgKeJZtDvu04v3KhT1IBGJ8za+CMNuroQj+iTuRnhu9KLC9Bg7yFxOz5w9ekG8c4xZOEN6mtHs3TSKbcJ1pSjg==",
      "license": "MIT",
      "engines": {
        "node": ">= 11.8.0"
      },
      "optionalDependencies": {
        "node-vsock-linux-arm-gnueabihf": "0.0.3",
        "node-vsock-linux-arm64-gnu": "0.0.3",
        "node-vsock-linux-arm64-musl": "0.0.3",
        "node-vsock-linux-x64-gnu": "0.0.3",
        "node-vsock-linux-x64-musl": "0.0.3"
      }
    },
    "node_modules/node-vsock-linux-arm-gnueabihf": {
      "version": "0.0.3",
      "resolved": "https://registry.npmjs.org/node-vsock-linux-arm-gnueabihf/-/node-vsock-linux-arm-gnueabihf-0.0.3.tgz",
      "integrity": "sha512-lYe0q6NL+hRYKa5ZYLnIHvZZ4g1xaOt4abHnr5eVQsNYOScY7KmoOzMt9850x9Z14PGY4+k700vZNFVub7dhxA==",
      "cpu": [
        "arm"
      ],
      "license": "MIT",
      "optional": true,
      "os": [
        "linux"
      ],
      "engines": {
        "node": ">= 11.8.0"
      }
    },
    "node_modules/node-vsock-linux-arm64-gnu": {
      "version": "0.0.3",
      "resolved": "https://registry.npmjs.org/node-vsock-linux-arm64-gnu/-/node-vsock-linux-arm64-gnu-0.0.3.tgz",
      "integrity": "sha512-cKxXtmLtBigsOeL3JutLhzqpOYnDypNUKulxx2xnSJzvnUsRiLhfmiTVyXko12nnHDpYRyqAQb3OT6/EgMGpzQ==",
      "cpu": [
        "arm64"
      ],
      "license": "MIT",
      "optional": true,
      "os": [
        "linux"
      ],
      "engines": {
        "node": ">= 11.8.0"
      }
    },
    "node_modules/node-vsock-linux-arm64-musl": {
      "version": "0.0.3",
      "resolved": "https://registry.npmjs.org/node-vsock-linux-arm64-musl/-/node-vsock-linux-arm64-musl-0.0.3.tgz",
      "integrity": "sha512-a89qkx2Xeva61Yz5n7gnAVe9m3rhs7+rns7W03iIzdslTJ5Q8nJJrRaPGiipKsLSCldo/G7Czq4eGyh0LFQOuA==",
      "cpu": [
        "arm64"
      ],
      "license": "MIT",
      "optional": true,
      "os": [
        "linux"
      ],
      "engines": {
        "node": ">= 11.8.0"
      }
    },
    "node_modules/node-vsock-linux-x64-gnu": {
      "version": "0.0.3",
      "resolved": "https://registry.npmjs.org/node-vsock-linux-x64-gnu/-/node-vsock-linux-x64-gnu-0.0.3.tgz",
      "integrity": "sha512-DPob7wMHgstGnsV4CANzwvXDpkwQfEwL8fW9v8aUaEJ2KIfu+Ttei+u0BYtnhTpqF2mVczReYn4De2bDE4pvpQ==",
      "cpu": [
        "x64"
      ],
      "license": "MIT",
      "optional": true,
      "os": [
        "linux"
      ],
      "engines": {
        "node": ">= 11.8.0"
      }
    },
    "node_modules/node-vsock-linux-x64-musl": {
      "version": "0.0.3",
      "resolved": "https://registry.npmjs.org/node-vsock-linux-x64-musl/-/node-vsock-linux-x64-musl-0.0.3.tgz",
      "integrity": "sha512-ovYIYBuOeOWdPDIEiuDRh2BbycyB1lSzxkReFnqE0152BcxOjZ4iRJTd91xBvGxC31nVmsyVjlQ3r4yIjm6uWA==",
      "cpu": [
        "x64"
      ],
      "license": "MIT",
      "optional": true,
      "os": [
        "linux"
      ],
      "engines": {
        "node": ">= 11.8.0"
      }
    },
    "node_modules/typescript": {
      "version": "5.9.3",
      "resolved": "https://registry.npmjs.org/typescript/-/typescript-5.9.3.tgz",
      "integrity": "sha512-jl1vZzPDinLr9eUt3J/t7V6FgNEw9QjvBPdysz9KfQDD41fQrC2Y4vKQdiaUpFT4bXlb1RHhLpp8wtm6M5TgSw==",
      "dev": true,
      "license": "Apache-2.0",
      "bin": {
        "tsc": "bin/tsc",
        "tsserver": "bin/tsserver"
      },
      "engines": {
        "node": ">=14.17"
      }
    },
    "node_modules/undici-types": {
      "version": "6.21.0",
      "resolved": "https://registry.npmjs.org/undici-types/-/undici-types-6.21.0.tgz",
      "integrity": "sha512-iwDZqg0QAGrg9Rav5H4n0M64c3mkR59cJ6wQp+7C4nI0gsmExaedaYLNO44eT4AtBBwjbTiGPMlt2Md0T9H9JQ==",
      "dev": true,
      "license": "MIT"
    }
  }
}
